
Microsoft Visual Studio Solution File, Format Version 12.00
# Visual Studio Version 17
VisualStudioVersion = 17.11.35222.181
MinimumVisualStudioVersion = 10.0.40219.1
Project("{FAE04EC0-301F-11D3-BF4B-00C04F79EFBC}") = "Inharitons", "Inharitons\Inharitons.csproj", "{1A8F8F23-2A60-43B1-956C-4467C1E0326B}"
EndProject
Project("{FAE04EC0-301F-11D3-BF4B-00C04F79EFBC}") = "Academy", "Academy\Academy.csproj", "{2884FC3B-D712-43EF-8ADB-CB1AA3AF9D0C}"
EndProject
Global
	GlobalSection(SolutionConfigurationPlatforms) = preSolution
		Debug|Any CPU = Debug|Any CPU
		Release|Any CPU = Release|Any CPU
	EndGlobalSection
	GlobalSection(ProjectConfigurationPlatforms) = postSolution
		{1A8F8F23-2A60-43B1-956C-4467C1E0326B}.Debug|Any CPU.ActiveCfg = Debug|Any CPU
		{1A8F8F23-2A60-43B1-956C-4467C1E0326B}.Debug|Any CPU.Build.0 = Debug|Any CPU
		{1A8F8F23-2A60-43B1-956C-4467C1E0326B}.Release|Any CPU.ActiveCfg = Release|Any CPU
		{1A8F8F23-2A60-43B1-956C-4467C1E0326B}.Release|Any CPU.Build.0 = Release|Any CPU
		{2884FC3B-D712-43EF-8ADB-CB1AA3AF9D0C}.Debug|Any CPU.ActiveCfg = Debug|Any CPU
		{2884FC3B-D712-43EF-8ADB-CB1AA3AF9D0C}.Debug|Any CPU.Build.0 = Debug|Any CPU
		{2884FC3B-D712-43EF-8ADB-CB1AA3AF9D0C}.Release|Any CPU.ActiveCfg = Release|Any CPU
		{2884FC3B-D712-43EF-8ADB-CB1AA3AF9D0C}.Release|Any CPU.Build.0 = Release|Any CPU
	EndGlobalSection
	GlobalSection(SolutionProperties) = preSolution
		HideSolutionNode = FALSE
	EndGlobalSection
	GlobalSection(ExtensibilityGlobals) = postSolution
		SolutionGuid = {8FE1E653-3706-4F58-B5A1-1C48A062B115}
	EndGlobalSection
EndGlobal
